
Microsoft Visual Studio Solution File, Format Version 12.00
# Visual Studio Version 16
VisualStudioVersion = 16.0.29215.179
MinimumVisualStudioVersion = 10.0.40219.1
Project("{FAE04EC0-301F-11D3-BF4B-00C04F79EFBC}") = "Forms45OIDCExample", "Forms45OIDCExample.csproj", "{16EA0BA3-CAFF-485D-B4F6-BDE61FF6D66C}"
EndProject
Global
	GlobalSection(SolutionConfigurationPlatforms) = preSolution
		Debug|Any CPU = Debug|Any CPU
		Release|Any CPU = Release|Any CPU
	EndGlobalSection
	GlobalSection(ProjectConfigurationPlatforms) = postSolution
		{16EA0BA3-CAFF-485D-B4F6-BDE61FF6D66C}.Debug|Any CPU.ActiveCfg = Debug|Any CPU
		{16EA0BA3-CAFF-485D-B4F6-BDE61FF6D66C}.Debug|Any CPU.Build.0 = Debug|Any CPU
		{16EA0BA3-CAFF-485D-B4F6-BDE61FF6D66C}.Release|Any CPU.ActiveCfg = Release|Any CPU
		{16EA0BA3-CAFF-485D-B4F6-BDE61FF6D66C}.Release|Any CPU.Build.0 = Release|Any CPU
	EndGlobalSection
	GlobalSection(SolutionProperties) = preSolution
		HideSolutionNode = FALSE
	EndGlobalSection
	GlobalSection(ExtensibilityGlobals) = postSolution
		SolutionGuid = {832C220A-CCC4-42FD-8FDA-35E9FE2AD006}
	EndGlobalSection
EndGlobal
